// !$*UTF8*$!
{
	archiveVersion = 1;
	classes = {
	};
	objectVersion = 77;
	objects = {

/* Begin PBXBuildFile section */
		8E8B94302C9C7ED3009BCABB /* ToDoTaskEntity+CoreDataClass.swift in Sources */ = {isa = PBXBuildFile; fileRef = 8E8B942E2C9C7ED3009BCABB /* ToDoTaskEntity+CoreDataClass.swift */; };
		8E8B94312C9C7ED3009BCABB /* ToDoTaskEntity+CoreDataProperties.swift in Sources */ = {isa = PBXBuildFile; fileRef = 8E8B942F2C9C7ED3009BCABB /* ToDoTaskEntity+CoreDataProperties.swift */; };
/* End PBXBuildFile section */

/* Begin PBXContainerItemProxy section */
		8EF40BFC2C99852F00B81893 /* PBXContainerItemProxy */ = {
			isa = PBXContainerItemProxy;
			containerPortal = 8EF40BDD2C99852C00B81893 /* Project object */;
			proxyType = 1;
			remoteGlobalIDString = 8EF40BE42C99852C00B81893;
			remoteInfo = ToDoListVIPER;
		};
		8EF40C062C99852F00B81893 /* PBXContainerItemProxy */ = {
			isa = PBXContainerItemProxy;
			containerPortal = 8EF40BDD2C99852C00B81893 /* Project object */;
			proxyType = 1;
			remoteGlobalIDString = 8EF40BE42C99852C00B81893;
			remoteInfo = ToDoListVIPER;
		};
/* End PBXContainerItemProxy section */

/* Begin PBXFileReference section */
		8E8B942E2C9C7ED3009BCABB /* ToDoTaskEntity+CoreDataClass.swift */ = {isa = PBXFileReference; lastKnownFileType = sourcecode.swift; name = "ToDoTaskEntity+CoreDataClass.swift"; path = "ToDoListVIPER/ToDoTaskEntity+CoreDataClass.swift"; sourceTree = "<group>"; };
		8E8B942F2C9C7ED3009BCABB /* ToDoTaskEntity+CoreDataProperties.swift */ = {isa = PBXFileReference; lastKnownFileType = sourcecode.swift; name = "ToDoTaskEntity+CoreDataProperties.swift"; path = "ToDoListVIPER/ToDoTaskEntity+CoreDataProperties.swift"; sourceTree = "<group>"; };
		8EF40BE52C99852C00B81893 /* ToDoListVIPER.app */ = {isa = PBXFileReference; explicitFileType = wrapper.application; includeInIndex = 0; path = ToDoListVIPER.app; sourceTree = BUILT_PRODUCTS_DIR; };
		8EF40BFB2C99852F00B81893 /* ToDoListVIPERTests.xctest */ = {isa = PBXFileReference; explicitFileType = wrapper.cfbundle; includeInIndex = 0; path = ToDoListVIPERTests.xctest; sourceTree = BUILT_PRODUCTS_DIR; };
		8EF40C052C99852F00B81893 /* ToDoListVIPERUITests.xctest */ = {isa = PBXFileReference; explicitFileType = wrapper.cfbundle; includeInIndex = 0; path = ToDoListVIPERUITests.xctest; sourceTree = BUILT_PRODUCTS_DIR; };
/* End PBXFileReference section */

/* Begin PBXFileSystemSynchronizedRootGroup section */
		8EF40BE72C99852C00B81893 /* ToDoListVIPER */ = {
			isa = PBXFileSystemSynchronizedRootGroup;
			path = ToDoListVIPER;
			sourceTree = "<group>";
		};
		8EF40BFE2C99852F00B81893 /* ToDoListVIPERTests */ = {
			isa = PBXFileSystemSynchronizedRootGroup;
			path = ToDoListVIPERTests;
			sourceTree = "<group>";
		};
		8EF40C082C99852F00B81893 /* ToDoListVIPERUITests */ = {
			isa = PBXFileSystemSynchronizedRootGroup;
			path = ToDoListVIPERUITests;
			sourceTree = "<group>";
		};
/* End PBXFileSystemSynchronizedRootGroup section */

/* Begin PBXFrameworksBuildPhase section */
		8EF40BE22C99852C00B81893 /* Frameworks */ = {
			isa = PBXFrameworksBuildPhase;
			buildActionMask = 2147483647;
			files = (
			);
			runOnlyForDeploymentPostprocessing = 0;
		};
		8EF40BF82C99852F00B81893 /* Frameworks */ = {
			isa = PBXFrameworksBuildPhase;
			buildActionMask = 2147483647;
			files = (
			);
			runOnlyForDeploymentPostprocessing = 0;
		};
		8EF40C022C99852F00B81893 /* Frameworks */ = {
			isa = PBXFrameworksBuildPhase;
			buildActionMask = 2147483647;
			files = (
			);
			runOnlyForDeploymentPostprocessing = 0;
		};
/* End PBXFrameworksBuildPhase section */

/* Begin PBXGroup section */
		8EF40BDC2C99852C00B81893 = {
			isa = PBXGroup;
			children = (
				8E8B942E2C9C7ED3009BCABB /* ToDoTaskEntity+CoreDataClass.swift */,
				8E8B942F2C9C7ED3009BCABB /* ToDoTaskEntity+CoreDataProperties.swift */,
				8EF40BE72C99852C00B81893 /* ToDoListVIPER */,
				8EF40BFE2C99852F00B81893 /* ToDoListVIPERTests */,
				8EF40C082C99852F00B81893 /* ToDoListVIPERUITests */,
				8EF40BE62C99852C00B81893 /* Products */,
			);
			sourceTree = "<group>";
		};
		8EF40BE62C99852C00B81893 /* Products */ = {
			isa = PBXGroup;
			children = (
				8EF40BE52C99852C00B81893 /* ToDoListVIPER.app */,
				8EF40BFB2C99852F00B81893 /* ToDoListVIPERTests.xctest */,
				8EF40C052C99852F00B81893 /* ToDoListVIPERUITests.xctest */,
			);
			name = Products;
			sourceTree = "<group>";
		};
/* End PBXGroup section */

/* Begin PBXNativeTarget section */
		8EF40BE42C99852C00B81893 /* ToDoListVIPER */ = {
			isa = PBXNativeTarget;
			buildConfigurationList = 8EF40C0F2C99852F00B81893 /* Build configuration list for PBXNativeTarget "ToDoListVIPER" */;
			buildPhases = (
				8EF40BE12C99852C00B81893 /* Sources */,
				8EF40BE22C99852C00B81893 /* Frameworks */,
				8EF40BE32C99852C00B81893 /* Resources */,
			);
			buildRules = (
			);
			dependencies = (
			);
			fileSystemSynchronizedGroups = (
				8EF40BE72C99852C00B81893 /* ToDoListVIPER */,
			);
			name = ToDoListVIPER;
			packageProductDependencies = (
			);
			productName = ToDoListVIPER;
			productReference = 8EF40BE52C99852C00B81893 /* ToDoListVIPER.app */;
			productType = "com.apple.product-type.application";
		};
		8EF40BFA2C99852F00B81893 /* ToDoListVIPERTests */ = {
			isa = PBXNativeTarget;
			buildConfigurationList = 8EF40C122C99852F00B81893 /* Build configuration list for PBXNativeTarget "ToDoListVIPERTests" */;
			buildPhases = (
				8EF40BF72C99852F00B81893 /* Sources */,
				8EF40BF82C99852F00B81893 /* Frameworks */,
				8EF40BF92C99852F00B81893 /* Resources */,
			);
			buildRules = (
			);
			dependencies = (
				8EF40BFD2C99852F00B81893 /* PBXTargetDependency */,
			);
			fileSystemSynchronizedGroups = (
				8EF40BFE2C99852F00B81893 /* ToDoListVIPERTests */,
			);
			name = ToDoListVIPERTests;
			packageProductDependencies = (
			);
			productName = ToDoListVIPERTests;
			productReference = 8EF40BFB2C99852F00B81893 /* ToDoListVIPERTests.xctest */;
			productType = "com.apple.product-type.bundle.unit-test";
		};
		8EF40C042C99852F00B81893 /* ToDoListVIPERUITests */ = {
			isa = PBXNativeTarget;
			buildConfigurationList = 8EF40C152C99852F00B81893 /* Build configuration list for PBXNativeTarget "ToDoListVIPERUITests" */;
			buildPhases = (
				8EF40C012C99852F00B81893 /* Sources */,
				8EF40C022C99852F00B81893 /* Frameworks */,
				8EF40C032C99852F00B81893 /* Resources */,
			);
			buildRules = (
			);
			dependencies = (
				8EF40C072C99852F00B81893 /* PBXTargetDependency */,
			);
			fileSystemSynchronizedGroups = (
				8EF40C082C99852F00B81893 /* ToDoListVIPERUITests */,
			);
			name = ToDoListVIPERUITests;
			packageProductDependencies = (
			);
			productName = ToDoListVIPERUITests;
			productReference = 8EF40C052C99852F00B81893 /* ToDoListVIPERUITests.xctest */;
			productType = "com.apple.product-type.bundle.ui-testing";
		};
/* End PBXNativeTarget section */

/* Begin PBXProject section */
		8EF40BDD2C99852C00B81893 /* Project object */ = {
			isa = PBXProject;
			attributes = {
				BuildIndependentTargetsInParallel = 1;
				LastSwiftUpdateCheck = 1600;
				LastUpgradeCheck = 1600;
				TargetAttributes = {
					8EF40BE42C99852C00B81893 = {
						CreatedOnToolsVersion = 16.0;
					};
					8EF40BFA2C99852F00B81893 = {
						CreatedOnToolsVersion = 16.0;
						TestTargetID = 8EF40BE42C99852C00B81893;
					};
					8EF40C042C99852F00B81893 = {
						CreatedOnToolsVersion = 16.0;
						TestTargetID = 8EF40BE42C99852C00B81893;
					};
				};
			};
			buildConfigurationList = 8EF40BE02C99852C00B81893 /* Build configuration list for PBXProject "ToDoListVIPER" */;
			developmentRegion = en;
			hasScannedForEncodings = 0;
			knownRegions = (
				en,
				Base,
				ru,
			);
			mainGroup = 8EF40BDC2C99852C00B81893;
			minimizedProjectReferenceProxies = 1;
			preferredProjectObjectVersion = 77;
			productRefGroup = 8EF40BE62C99852C00B81893 /* Products */;
			projectDirPath = "";
			projectRoot = "";
			targets = (
				8EF40BE42C99852C00B81893 /* ToDoListVIPER */,
				8EF40BFA2C99852F00B81893 /* ToDoListVIPERTests */,
				8EF40C042C99852F00B81893 /* ToDoListVIPERUITests */,
			);
		};
/* End PBXProject section */

/* Begin PBXResourcesBuildPhase section */
		8EF40BE32C99852C00B81893 /* Resources */ = {
			isa = PBXResourcesBuildPhase;
			buildActionMask = 2147483647;
			files = (
			);
			runOnlyForDeploymentPostprocessing = 0;
		};
		8EF40BF92C99852F00B81893 /* Resources */ = {
			isa = PBXResourcesBuildPhase;
			buildActionMask = 2147483647;
			files = (
			);
			runOnlyForDeploymentPostprocessing = 0;
		};
		8EF40C032C99852F00B81893 /* Resources */ = {
			isa = PBXResourcesBuildPhase;
			buildActionMask = 2147483647;
			files = (
			);
			runOnlyForDeploymentPostprocessing = 0;
		};
/* End PBXResourcesBuildPhase section */

/* Begin PBXSourcesBuildPhase section */
		8EF40BE12C99852C00B81893 /* Sources */ = {
			isa = PBXSourcesBuildPhase;
			buildActionMask = 2147483647;
			files = (
				8E8B94302C9C7ED3009BCABB /* ToDoTaskEntity+CoreDataClass.swift in Sources */,
				8E8B94312C9C7ED3009BCABB /* ToDoTaskEntity+CoreDataProperties.swift in Sources */,
			);
			runOnlyForDeploymentPostprocessing = 0;
		};
		8EF40BF72C99852F00B81893 /* Sources */ = {
			isa = PBXSourcesBuildPhase;
			buildActionMask = 2147483647;
			files = (
			);
			runOnlyForDeploymentPostprocessing = 0;
		};
		8EF40C012C99852F00B81893 /* Sources */ = {
			isa = PBXSourcesBuildPhase;
			buildActionMask = 2147483647;
			files = (
			);
			runOnlyForDeploymentPostprocessing = 0;
		};
/* End PBXSourcesBuildPhase section */

/* Begin PBXTargetDependency section */
		8EF40BFD2C99852F00B81893 /* PBXTargetDependency */ = {
			isa = PBXTargetDependency;
			target = 8EF40BE42C99852C00B81893 /* ToDoListVIPER */;
			targetProxy = 8EF40BFC2C99852F00B81893 /* PBXContainerItemProxy */;
		};
		8EF40C072C99852F00B81893 /* PBXTargetDependency */ = {
			isa = PBXTargetDependency;
			target = 8EF40BE42C99852C00B81893 /* ToDoListVIPER */;
			targetProxy = 8EF40C062C99852F00B81893 /* PBXContainerItemProxy */;
		};
/* End PBXTargetDependency section */

/* Begin XCBuildConfiguration section */
		8EF40C0D2C99852F00B81893 /* Debug */ = {
			isa = XCBuildConfiguration;
			buildSettings = {
				ALWAYS_SEARCH_USER_PATHS = NO;
				ASSETCATALOG_COMPILER_GENERATE_SWIFT_ASSET_SYMBOL_EXTENSIONS = YES;
				CLANG_ANALYZER_NONNULL = YES;
				CLANG_ANALYZER_NUMBER_OBJECT_CONVERSION = YES_AGGRESSIVE;
				CLANG_CXX_LANGUAGE_STANDARD = "gnu++20";
				CLANG_ENABLE_MODULES = YES;
				CLANG_ENABLE_OBJC_ARC = YES;
				CLANG_ENABLE_OBJC_WEAK = YES;
				CLANG_WARN_BLOCK_CAPTURE_AUTORELEASING = YES;
				CLANG_WARN_BOOL_CONVERSION = YES;
				CLANG_WARN_COMMA = YES;
				CLANG_WARN_CONSTANT_CONVERSION = YES;
				CLANG_WARN_DEPRECATED_OBJC_IMPLEMENTATIONS = YES;
				CLANG_WARN_DIRECT_OBJC_ISA_USAGE = YES_ERROR;
				CLANG_WARN_DOCUMENTATION_COMMENTS = YES;
				CLANG_WARN_EMPTY_BODY = YES;
				CLANG_WARN_ENUM_CONVERSION = YES;
				CLANG_WARN_INFINITE_RECURSION = YES;
				CLANG_WARN_INT_CONVERSION = YES;
				CLANG_WARN_NON_LITERAL_NULL_CONVERSION = YES;
				CLANG_WARN_OBJC_IMPLICIT_RETAIN_SELF = YES;
				CLANG_WARN_OBJC_LITERAL_CONVERSION = YES;
				CLANG_WARN_OBJC_ROOT_CLASS = YES_ERROR;
				CLANG_WARN_QUOTED_INCLUDE_IN_FRAMEWORK_HEADER = YES;
				CLANG_WARN_RANGE_LOOP_ANALYSIS = YES;
				CLANG_WARN_STRICT_PROTOTYPES = YES;
				CLANG_WARN_SUSPICIOUS_MOVE = YES;
				CLANG_WARN_UNGUARDED_AVAILABILITY = YES_AGGRESSIVE;
				CLANG_WARN_UNREACHABLE_CODE = YES;
				CLANG_WARN__DUPLICATE_METHOD_MATCH = YES;
				COPY_PHASE_STRIP = NO;
				DEBUG_INFORMATION_FORMAT = dwarf;
				ENABLE_STRICT_OBJC_MSGSEND = YES;
				ENABLE_TESTABILITY = YES;
				ENABLE_USER_SCRIPT_SANDBOXING = YES;
				GCC_C_LANGUAGE_STANDARD = gnu17;
				GCC_DYNAMIC_NO_PIC = NO;
				GCC_NO_COMMON_BLOCKS = YES;
				GCC_OPTIMIZATION_LEVEL = 0;
				GCC_PREPROCESSOR_DEFINITIONS = (
					"DEBUG=1",
					"$(inherited)",
				);
				GCC_WARN_64_TO_32_BIT_CONVERSION = YES;
				GCC_WARN_ABOUT_RETURN_TYPE = YES_ERROR;
				GCC_WARN_UNDECLARED_SELECTOR = YES;
				GCC_WARN_UNINITIALIZED_AUTOS = YES_AGGRESSIVE;
				GCC_WARN_UNUSED_FUNCTION = YES;
				GCC_WARN_UNUSED_VARIABLE = YES;
				LOCALIZATION_PREFERS_STRING_CATALOGS = YES;
				MTL_ENABLE_DEBUG_INFO = INCLUDE_SOURCE;
				MTL_FAST_MATH = YES;
				ONLY_ACTIVE_ARCH = YES;
				SWIFT_ACTIVE_COMPILATION_CONDITIONS = "DEBUG $(inherited)";
				SWIFT_OPTIMIZATION_LEVEL = "-Onone";
			};
			name = Debug;
		};
		8EF40C0E2C99852F00B81893 /* Release */ = {
			isa = XCBuildConfiguration;
			buildSettings = {
				ALWAYS_SEARCH_USER_PATHS = NO;
				ASSETCATALOG_COMPILER_GENERATE_SWIFT_ASSET_SYMBOL_EXTENSIONS = YES;
				CLANG_ANALYZER_NONNULL = YES;
				CLANG_ANALYZER_NUMBER_OBJECT_CONVERSION = YES_AGGRESSIVE;
				CLANG_CXX_LANGUAGE_STANDARD = "gnu++20";
				CLANG_ENABLE_MODULES = YES;
				CLANG_ENABLE_OBJC_ARC = YES;
				CLANG_ENABLE_OBJC_WEAK = YES;
				CLANG_WARN_BLOCK_CAPTURE_AUTORELEASING = YES;
				CLANG_WARN_BOOL_CONVERSION = YES;
				CLANG_WARN_COMMA = YES;
				CLANG_WARN_CONSTANT_CONVERSION = YES;
				CLANG_WARN_DEPRECATED_OBJC_IMPLEMENTATIONS = YES;
				CLANG_WARN_DIRECT_OBJC_ISA_USAGE = YES_ERROR;
				CLANG_WARN_DOCUMENTATION_COMMENTS = YES;
				CLANG_WARN_EMPTY_BODY = YES;
				CLANG_WARN_ENUM_CONVERSION = YES;
				CLANG_WARN_INFINITE_RECURSION = YES;
				CLANG_WARN_INT_CONVERSION = YES;
				CLANG_WARN_NON_LITERAL_NULL_CONVERSION = YES;
				CLANG_WARN_OBJC_IMPLICIT_RETAIN_SELF = YES;
				CLANG_WARN_OBJC_LITERAL_CONVERSION = YES;
				CLANG_WARN_OBJC_ROOT_CLASS = YES_ERROR;
				CLANG_WARN_QUOTED_INCLUDE_IN_FRAMEWORK_HEADER = YES;
				CLANG_WARN_RANGE_LOOP_ANALYSIS = YES;
				CLANG_WARN_STRICT_PROTOTYPES = YES;
				CLANG_WARN_SUSPICIOUS_MOVE = YES;
				CLANG_WARN_UNGUARDED_AVAILABILITY = YES_AGGRESSIVE;
				CLANG_WARN_UNREACHABLE_CODE = YES;
				CLANG_WARN__DUPLICATE_METHOD_MATCH = YES;
				COPY_PHASE_STRIP = NO;
				DEBUG_INFORMATION_FORMAT = "dwarf-with-dsym";
				ENABLE_NS_ASSERTIONS = NO;
				ENABLE_STRICT_OBJC_MSGSEND = YES;
				ENABLE_USER_SCRIPT_SANDBOXING = YES;
				GCC_C_LANGUAGE_STANDARD = gnu17;
				GCC_NO_COMMON_BLOCKS = YES;
				GCC_WARN_64_TO_32_BIT_CONVERSION = YES;
				GCC_WARN_ABOUT_RETURN_TYPE = YES_ERROR;
				GCC_WARN_UNDECLARED_SELECTOR = YES;
				GCC_WARN_UNINITIALIZED_AUTOS = YES_AGGRESSIVE;
				GCC_WARN_UNUSED_FUNCTION = YES;
				GCC_WARN_UNUSED_VARIABLE = YES;
				LOCALIZATION_PREFERS_STRING_CATALOGS = YES;
				MTL_ENABLE_DEBUG_INFO = NO;
				MTL_FAST_MATH = YES;
				SWIFT_COMPILATION_MODE = wholemodule;
			};
			name = Release;
		};
		8EF40C102C99852F00B81893 /* Debug */ = {
			isa = XCBuildConfiguration;
			buildSettings = {
				ASSETCATALOG_COMPILER_APPICON_NAME = AppIcon;
				ASSETCATALOG_COMPILER_GLOBAL_ACCENT_COLOR_NAME = AccentColor;
				CODE_SIGN_ENTITLEMENTS = ToDoListVIPER/ToDoListVIPER.entitlements;
				CODE_SIGN_STYLE = Automatic;
				CURRENT_PROJECT_VERSION = 1;
				DEVELOPMENT_ASSET_PATHS = "\"ToDoListVIPER/Preview Content\"";
				DEVELOPMENT_TEAM = JVA85S2MQ8;
				ENABLE_HARDENED_RUNTIME = YES;
				ENABLE_PREVIEWS = YES;
				GENERATE_INFOPLIST_FILE = YES;
				INFOPLIST_KEY_CFBundleDisplayName = "ToDo List";
				INFOPLIST_KEY_LSApplicationCategoryType = "public.app-category.productivity";
				"INFOPLIST_KEY_UIApplicationSceneManifest_Generation[sdk=iphoneos*]" = YES;
				"INFOPLIST_KEY_UIApplicationSceneManifest_Generation[sdk=iphonesimulator*]" = YES;
				"INFOPLIST_KEY_UIApplicationSupportsIndirectInputEvents[sdk=iphoneos*]" = YES;
				"INFOPLIST_KEY_UIApplicationSupportsIndirectInputEvents[sdk=iphonesimulator*]" = YES;
				"INFOPLIST_KEY_UILaunchScreen_Generation[sdk=iphoneos*]" = YES;
				"INFOPLIST_KEY_UILaunchScreen_Generation[sdk=iphonesimulator*]" = YES;
				"INFOPLIST_KEY_UIStatusBarStyle[sdk=iphoneos*]" = UIStatusBarStyleDefault;
				"INFOPLIST_KEY_UIStatusBarStyle[sdk=iphonesimulator*]" = UIStatusBarStyleDefault;
				INFOPLIST_KEY_UISupportedInterfaceOrientations = UIInterfaceOrientationPortrait;
				INFOPLIST_KEY_UISupportedInterfaceOrientations_iPad = "UIInterfaceOrientationLandscapeLeft UIInterfaceOrientationLandscapeRight UIInterfaceOrientationPortrait UIInterfaceOrientationPortraitUpsideDown";
				IPHONEOS_DEPLOYMENT_TARGET = 17.6;
				LD_RUNPATH_SEARCH_PATHS = "@executable_path/Frameworks";
				"LD_RUNPATH_SEARCH_PATHS[sdk=macosx*]" = "@executable_path/../Frameworks";
				MACOSX_DEPLOYMENT_TARGET = 15.0;
				MARKETING_VERSION = 1.0;
				PRODUCT_BUNDLE_IDENTIFIER = com.allmycalifornia.ToDoListVIPER;
				PRODUCT_NAME = "$(TARGET_NAME)";
				SDKROOT = auto;
				SUPPORTED_PLATFORMS = "iphoneos iphonesimulator";
				SUPPORTS_MACCATALYST = NO;
				SWIFT_EMIT_LOC_STRINGS = YES;
				SWIFT_VERSION = 5.0;
				TARGETED_DEVICE_FAMILY = 1;
				XROS_DEPLOYMENT_TARGET = 2.0;
			};
			name = Debug;
		};
		8EF40C112C99852F00B81893 /* Release */ = {
			isa = XCBuildConfiguration;
			buildSettings = {
				ASSETCATALOG_COMPILER_APPICON_NAME = AppIcon;
				ASSETCATALOG_COMPILER_GLOBAL_ACCENT_COLOR_NAME = AccentColor;
				CODE_SIGN_ENTITLEMENTS = ToDoListVIPER/ToDoListVIPER.entitlements;
				CODE_SIGN_STYLE = Automatic;
				CURRENT_PROJECT_VERSION = 1;
				DEVELOPMENT_ASSET_PATHS = "\"ToDoListVIPER/Preview Content\"";
				DEVELOPMENT_TEAM = JVA85S2MQ8;
				ENABLE_HARDENED_RUNTIME = YES;
				ENABLE_PREVIEWS = YES;
				GENERATE_INFOPLIST_FILE = YES;
				INFOPLIST_KEY_CFBundleDisplayName = "ToDo List";
				INFOPLIST_KEY_LSApplicationCategoryType = "public.app-category.productivity";
				"INFOPLIST_KEY_UIApplicationSceneManifest_Generation[sdk=iphoneos*]" = YES;
				"INFOPLIST_KEY_UIApplicationSceneManifest_Generation[sdk=iphonesimulator*]" = YES;
				"INFOPLIST_KEY_UIApplicationSupportsIndirectInputEvents[sdk=iphoneos*]" = YES;
				"INFOPLIST_KEY_UIApplicationSupportsIndirectInputEvents[sdk=iphonesimulator*]" = YES;
				"INFOPLIST_KEY_UILaunchScreen_Generation[sdk=iphoneos*]" = YES;
				"INFOPLIST_KEY_UILaunchScreen_Generation[sdk=iphonesimulator*]" = YES;
				"INFOPLIST_KEY_UIStatusBarStyle[sdk=iphoneos*]" = UIStatusBarStyleDefault;
				"INFOPLIST_KEY_UIStatusBarStyle[sdk=iphonesimulator*]" = UIStatusBarStyleDefault;
				INFOPLIST_KEY_UISupportedInterfaceOrientations = UIInterfaceOrientationPortrait;
				INFOPLIST_KEY_UISupportedInterfaceOrientations_iPad = "UIInterfaceOrientationLandscapeLeft UIInterfaceOrientationLandscapeRight UIInterfaceOrientationPortrait UIInterfaceOrientationPortraitUpsideDown";
				IPHONEOS_DEPLOYMENT_TARGET = 17.6;
				LD_RUNPATH_SEARCH_PATHS = "@executable_path/Frameworks";
				"LD_RUNPATH_SEARCH_PATHS[sdk=macosx*]" = "@executable_path/../Frameworks";
				MACOSX_DEPLOYMENT_TARGET = 15.0;
				MARKETING_VERSION = 1.0;
				PRODUCT_BUNDLE_IDENTIFIER = com.allmycalifornia.ToDoListVIPER;
				PRODUCT_NAME = "$(TARGET_NAME)";
				SDKROOT = auto;
				SUPPORTED_PLATFORMS = "iphoneos iphonesimulator";
				SUPPORTS_MACCATALYST = NO;
				SWIFT_EMIT_LOC_STRINGS = YES;
				SWIFT_VERSION = 5.0;
				TARGETED_DEVICE_FAMILY = 1;
				XROS_DEPLOYMENT_TARGET = 2.0;
			};
			name = Release;
		};
		8EF40C132C99852F00B81893 /* Debug */ = {
			isa = XCBuildConfiguration;
			buildSettings = {
				BUNDLE_LOADER = "$(TEST_HOST)";
				CODE_SIGN_STYLE = Automatic;
				CURRENT_PROJECT_VERSION = 1;
				DEVELOPMENT_TEAM = JVA85S2MQ8;
				GENERATE_INFOPLIST_FILE = YES;
				IPHONEOS_DEPLOYMENT_TARGET = 18.0;
				MACOSX_DEPLOYMENT_TARGET = 15.0;
				MARKETING_VERSION = 1.0;
				PRODUCT_BUNDLE_IDENTIFIER = com.allmycalifornia.ToDoListVIPERTests;
				PRODUCT_NAME = "$(TARGET_NAME)";
				SDKROOT = auto;
				SUPPORTED_PLATFORMS = "iphoneos iphonesimulator macosx xros xrsimulator";
				SWIFT_EMIT_LOC_STRINGS = NO;
				SWIFT_VERSION = 5.0;
				TARGETED_DEVICE_FAMILY = "1,2,7";
				TEST_HOST = "$(BUILT_PRODUCTS_DIR)/ToDoListVIPER.app/$(BUNDLE_EXECUTABLE_FOLDER_PATH)/ToDoListVIPER";
				XROS_DEPLOYMENT_TARGET = 2.0;
			};
			name = Debug;
		};
		8EF40C142C99852F00B81893 /* Release */ = {
			isa = XCBuildConfiguration;
			buildSettings = {
				BUNDLE_LOADER = "$(TEST_HOST)";
				CODE_SIGN_STYLE = Automatic;
				CURRENT_PROJECT_VERSION = 1;
				DEVELOPMENT_TEAM = JVA85S2MQ8;
				GENERATE_INFOPLIST_FILE = YES;
				IPHONEOS_DEPLOYMENT_TARGET = 18.0;
				MACOSX_DEPLOYMENT_TARGET = 15.0;
				MARKETING_VERSION = 1.0;
				PRODUCT_BUNDLE_IDENTIFIER = com.allmycalifornia.ToDoListVIPERTests;
				PRODUCT_NAME = "$(TARGET_NAME)";
				SDKROOT = auto;
				SUPPORTED_PLATFORMS = "iphoneos iphonesimulator macosx xros xrsimulator";
				SWIFT_EMIT_LOC_STRINGS = NO;
				SWIFT_VERSION = 5.0;
				TARGETED_DEVICE_FAMILY = "1,2,7";
				TEST_HOST = "$(BUILT_PRODUCTS_DIR)/ToDoListVIPER.app/$(BUNDLE_EXECUTABLE_FOLDER_PATH)/ToDoListVIPER";
				XROS_DEPLOYMENT_TARGET = 2.0;
			};
			name = Release;
		};
		8EF40C162C99852F00B81893 /* Debug */ = {
			isa = XCBuildConfiguration;
			buildSettings = {
				CODE_SIGN_STYLE = Automatic;
				CURRENT_PROJECT_VERSION = 1;
				DEVELOPMENT_TEAM = JVA85S2MQ8;
				GENERATE_INFOPLIST_FILE = YES;
				IPHONEOS_DEPLOYMENT_TARGET = 18.0;
				MACOSX_DEPLOYMENT_TARGET = 15.0;
				MARKETING_VERSION = 1.0;
				PRODUCT_BUNDLE_IDENTIFIER = com.allmycalifornia.ToDoListVIPERUITests;
				PRODUCT_NAME = "$(TARGET_NAME)";
				SDKROOT = auto;
				SUPPORTED_PLATFORMS = "iphoneos iphonesimulator macosx xros xrsimulator";
				SWIFT_EMIT_LOC_STRINGS = NO;
				SWIFT_VERSION = 5.0;
				TARGETED_DEVICE_FAMILY = "1,2,7";
				TEST_TARGET_NAME = ToDoListVIPER;
				XROS_DEPLOYMENT_TARGET = 2.0;
			};
			name = Debug;
		};
		8EF40C172C99852F00B81893 /* Release */ = {
			isa = XCBuildConfiguration;
			buildSettings = {
				CODE_SIGN_STYLE = Automatic;
				CURRENT_PROJECT_VERSION = 1;
				DEVELOPMENT_TEAM = JVA85S2MQ8;
				GENERATE_INFOPLIST_FILE = YES;
				IPHONEOS_DEPLOYMENT_TARGET = 18.0;
				MACOSX_DEPLOYMENT_TARGET = 15.0;
				MARKETING_VERSION = 1.0;
				PRODUCT_BUNDLE_IDENTIFIER = com.allmycalifornia.ToDoListVIPERUITests;
				PRODUCT_NAME = "$(TARGET_NAME)";
				SDKROOT = auto;
				SUPPORTED_PLATFORMS = "iphoneos iphonesimulator macosx xros xrsimulator";
				SWIFT_EMIT_LOC_STRINGS = NO;
				SWIFT_VERSION = 5.0;
				TARGETED_DEVICE_FAMILY = "1,2,7";
				TEST_TARGET_NAME = ToDoListVIPER;
				XROS_DEPLOYMENT_TARGET = 2.0;
			};
			name = Release;
		};
/* End XCBuildConfiguration section */

/* Begin XCConfigurationList section */
		8EF40BE02C99852C00B81893 /* Build configuration list for PBXProject "ToDoListVIPER" */ = {
			isa = XCConfigurationList;
			buildConfigurations = (
				8EF40C0D2C99852F00B81893 /* Debug */,
				8EF40C0E2C99852F00B81893 /* Release */,
			);
			defaultConfigurationIsVisible = 0;
			defaultConfigurationName = Release;
		};
		8EF40C0F2C99852F00B81893 /* Build configuration list for PBXNativeTarget "ToDoListVIPER" */ = {
			isa = XCConfigurationList;
			buildConfigurations = (
				8EF40C102C99852F00B81893 /* Debug */,
				8EF40C112C99852F00B81893 /* Release */,
			);
			defaultConfigurationIsVisible = 0;
			defaultConfigurationName = Release;
		};
		8EF40C122C99852F00B81893 /* Build configuration list for PBXNativeTarget "ToDoListVIPERTests" */ = {
			isa = XCConfigurationList;
			buildConfigurations = (
				8EF40C132C99852F00B81893 /* Debug */,
				8EF40C142C99852F00B81893 /* Release */,
			);
			defaultConfigurationIsVisible = 0;
			defaultConfigurationName = Release;
		};
		8EF40C152C99852F00B81893 /* Build configuration list for PBXNativeTarget "ToDoListVIPERUITests" */ = {
			isa = XCConfigurationList;
			buildConfigurations = (
				8EF40C162C99852F00B81893 /* Debug */,
				8EF40C172C99852F00B81893 /* Release */,
			);
			defaultConfigurationIsVisible = 0;
			defaultConfigurationName = Release;
		};
/* End XCConfigurationList section */
	};
	rootObject = 8EF40BDD2C99852C00B81893 /* Project object */;
}
